// !$*UTF8*$!
{
	archiveVersion = 1;
	classes = {
	};
	objectVersion = 46;
	objects = {

/* Begin PBXBuildFile section */
		A90D165D1C944C4C003C4FFC /* HomeItem.m in Sources */ = {isa = PBXBuildFile; fileRef = A90D165C1C944C4C003C4FFC /* HomeItem.m */; };
		A90D16621C944CF4003C4FFC /* NSString+HomeItemType.m in Sources */ = {isa = PBXBuildFile; fileRef = A90D16611C944CF4003C4FFC /* NSString+HomeItemType.m */; };
		A90D16651C94539F003C4FFC /* HomeView.m in Sources */ = {isa = PBXBuildFile; fileRef = A90D16641C94539F003C4FFC /* HomeView.m */; };
		A90D16691C9456B7003C4FFC /* ArrayDataSource.m in Sources */ = {isa = PBXBuildFile; fileRef = A90D16681C9456B7003C4FFC /* ArrayDataSource.m */; };
		A90D166E1C9459E9003C4FFC /* UIImage+Sizing.m in Sources */ = {isa = PBXBuildFile; fileRef = A90D166D1C9459E9003C4FFC /* UIImage+Sizing.m */; };
		A90D16721C945D10003C4FFC /* TMTableViewController.m in Sources */ = {isa = PBXBuildFile; fileRef = A90D16711C945D10003C4FFC /* TMTableViewController.m */; };
		A90D16751C945D30003C4FFC /* TMCollectionViewController.m in Sources */ = {isa = PBXBuildFile; fileRef = A90D16741C945D30003C4FFC /* TMCollectionViewController.m */; };
		A90D16781C945D49003C4FFC /* TMPlainViewController.m in Sources */ = {isa = PBXBuildFile; fileRef = A90D16771C945D49003C4FFC /* TMPlainViewController.m */; };
		A90D167C1C9462E8003C4FFC /* TMRoute.m in Sources */ = {isa = PBXBuildFile; fileRef = A90D167B1C9462E8003C4FFC /* TMRoute.m */; };
		A90D167F1C946378003C4FFC /* NSString+TMRouteType.m in Sources */ = {isa = PBXBuildFile; fileRef = A90D167E1C946378003C4FFC /* NSString+TMRouteType.m */; };
		A90D16821C946ACA003C4FFC /* HomeViewControllerDelegate.m in Sources */ = {isa = PBXBuildFile; fileRef = A90D16811C946ACA003C4FFC /* HomeViewControllerDelegate.m */; };
		A90D16861C946D8B003C4FFC /* BaseStore.m in Sources */ = {isa = PBXBuildFile; fileRef = A90D16851C946D8B003C4FFC /* BaseStore.m */; };
		A90D168A1C946DD6003C4FFC /* HomeItemsStore.m in Sources */ = {isa = PBXBuildFile; fileRef = A90D16891C946DD6003C4FFC /* HomeItemsStore.m */; };
		A90D168D1C9476CA003C4FFC /* TMTableView.m in Sources */ = {isa = PBXBuildFile; fileRef = A90D168C1C9476CA003C4FFC /* TMTableView.m */; };
		A90D16901C9476F0003C4FFC /* TMCollectionView.m in Sources */ = {isa = PBXBuildFile; fileRef = A90D168F1C9476F0003C4FFC /* TMCollectionView.m */; };
		A90D16931C947708003C4FFC /* TMPlainView.m in Sources */ = {isa = PBXBuildFile; fileRef = A90D16921C947708003C4FFC /* TMPlainView.m */; };
		A90D16961C947767003C4FFC /* ColorItemCellSubview.m in Sources */ = {isa = PBXBuildFile; fileRef = A90D16951C947767003C4FFC /* ColorItemCellSubview.m */; };
		A90D16991C947833003C4FFC /* UIColor+TMStyle.m in Sources */ = {isa = PBXBuildFile; fileRef = A90D16981C947833003C4FFC /* UIColor+TMStyle.m */; };
		A90D169D1C947AAA003C4FFC /* UIFont+TMStyle.m in Sources */ = {isa = PBXBuildFile; fileRef = A90D169C1C947AAA003C4FFC /* UIFont+TMStyle.m */; };
		A90D16A01C947C78003C4FFC /* UILabel+TMStyle.m in Sources */ = {isa = PBXBuildFile; fileRef = A90D169F1C947C78003C4FFC /* UILabel+TMStyle.m */; };
		A978BB1A1C8E9A8300F06064 /* main.m in Sources */ = {isa = PBXBuildFile; fileRef = A978BB191C8E9A8300F06064 /* main.m */; };
		A978BB1D1C8E9A8300F06064 /* AppDelegate.m in Sources */ = {isa = PBXBuildFile; fileRef = A978BB1C1C8E9A8300F06064 /* AppDelegate.m */; };
		A978BB251C8E9A8300F06064 /* Assets.xcassets in Resources */ = {isa = PBXBuildFile; fileRef = A978BB241C8E9A8300F06064 /* Assets.xcassets */; };
		A978BB331C8E9A8300F06064 /* touchmeTests.m in Sources */ = {isa = PBXBuildFile; fileRef = A978BB321C8E9A8300F06064 /* touchmeTests.m */; };
		A978BB3E1C8E9A8300F06064 /* touchmeUITests.m in Sources */ = {isa = PBXBuildFile; fileRef = A978BB3D1C8E9A8300F06064 /* touchmeUITests.m */; };
		A978BB4E1C8E9D4C00F06064 /* Localizable.strings in Resources */ = {isa = PBXBuildFile; fileRef = A978BB501C8E9D4C00F06064 /* Localizable.strings */; };
		A978BB531C8E9EBF00F06064 /* Default-568h@2x.png in Resources */ = {isa = PBXBuildFile; fileRef = A978BB521C8E9EBF00F06064 /* Default-568h@2x.png */; };
		A9AE4D031C8EA128009F86B2 /* HomeViewController.m in Sources */ = {isa = PBXBuildFile; fileRef = A9AE4D021C8EA128009F86B2 /* HomeViewController.m */; };
		A9AE4D081C8EA172009F86B2 /* BaseViewController.m in Sources */ = {isa = PBXBuildFile; fileRef = A9AE4D071C8EA172009F86B2 /* BaseViewController.m */; };
		A9AE4D0B1C8EA40D009F86B2 /* UIViewController+CheckFor3DTouch.m in Sources */ = {isa = PBXBuildFile; fileRef = A9AE4D0A1C8EA40D009F86B2 /* UIViewController+CheckFor3DTouch.m */; };
		A9AE4D121C8EA5BC009F86B2 /* UIApplication+ThreeDSupport.m in Sources */ = {isa = PBXBuildFile; fileRef = A9AE4D111C8EA5BC009F86B2 /* UIApplication+ThreeDSupport.m */; };
		A9AE4D161C8EB276009F86B2 /* UIColor+Copic.m in Sources */ = {isa = PBXBuildFile; fileRef = A9AE4D151C8EB276009F86B2 /* UIColor+Copic.m */; };
		A9AE4D1B1C8EB4E8009F86B2 /* UIColor+Html.m in Sources */ = {isa = PBXBuildFile; fileRef = A9AE4D1A1C8EB4E8009F86B2 /* UIColor+Html.m */; };
		A9AE4D211C8EB624009F86B2 /* UIColor+Pantone.m in Sources */ = {isa = PBXBuildFile; fileRef = A9AE4D201C8EB624009F86B2 /* UIColor+Pantone.m */; };
		A9AE4D271C8EB732009F86B2 /* UIColor+Crayon.m in Sources */ = {isa = PBXBuildFile; fileRef = A9AE4D261C8EB732009F86B2 /* UIColor+Crayon.m */; };
		A9AE4D2A1C8EB73B009F86B2 /* UIColor+Crayola.m in Sources */ = {isa = PBXBuildFile; fileRef = A9AE4D291C8EB73B009F86B2 /* UIColor+Crayola.m */; };
		A9AE4D2D1C8EB7B6009F86B2 /* UIColor+HexString.m in Sources */ = {isa = PBXBuildFile; fileRef = A9AE4D2C1C8EB7B6009F86B2 /* UIColor+HexString.m */; };
		A9AE4D301C8EB883009F86B2 /* NSArray+StringHelper.m in Sources */ = {isa = PBXBuildFile; fileRef = A9AE4D2F1C8EB883009F86B2 /* NSArray+StringHelper.m */; };
		A9AE4D341C8EB89B009F86B2 /* NSString+MethodList.m in Sources */ = {isa = PBXBuildFile; fileRef = A9AE4D331C8EB89B009F86B2 /* NSString+MethodList.m */; };
		A9AE4D381C8EB8BC009F86B2 /* UIColor+StandardColors.m in Sources */ = {isa = PBXBuildFile; fileRef = A9AE4D371C8EB8BC009F86B2 /* UIColor+StandardColors.m */; };
		A9AE4D3B1C8EB954009F86B2 /* MMJColorPalettes.m in Sources */ = {isa = PBXBuildFile; fileRef = A9AE4D3A1C8EB954009F86B2 /* MMJColorPalettes.m */; };
		A9AE4D3F1C8EBAF9009F86B2 /* MMJColorItem.m in Sources */ = {isa = PBXBuildFile; fileRef = A9AE4D3E1C8EBAF9009F86B2 /* MMJColorItem.m */; };
		A9AE4D421C8EBF36009F86B2 /* UIImage+Colored.m in Sources */ = {isa = PBXBuildFile; fileRef = A9AE4D411C8EBF36009F86B2 /* UIImage+Colored.m */; };
		A9AE4D701C8EC185009F86B2 /* LICENSE in Resources */ = {isa = PBXBuildFile; fileRef = A9AE4D6C1C8EC185009F86B2 /* LICENSE */; };
		A9AE4D711C8EC185009F86B2 /* MBProgressHUD.m in Sources */ = {isa = PBXBuildFile; fileRef = A9AE4D6E1C8EC185009F86B2 /* MBProgressHUD.m */; };
		A9AE4D721C8EC185009F86B2 /* README.mdown in Sources */ = {isa = PBXBuildFile; fileRef = A9AE4D6F1C8EC185009F86B2 /* README.mdown */; };
		A9AE4D761C8EC1C9009F86B2 /* LICENSE in Resources */ = {isa = PBXBuildFile; fileRef = A9AE4D751C8EC1C9009F86B2 /* LICENSE */; };
		A9AE4D781C8EC1D5009F86B2 /* README.md in Sources */ = {isa = PBXBuildFile; fileRef = A9AE4D771C8EC1D5009F86B2 /* README.md */; };
		A9AE4D901C8EC1E9009F86B2 /* MASCompositeConstraint.m in Sources */ = {isa = PBXBuildFile; fileRef = A9AE4D7A1C8EC1E8009F86B2 /* MASCompositeConstraint.m */; };
		A9AE4D911C8EC1E9009F86B2 /* MASConstraint.m in Sources */ = {isa = PBXBuildFile; fileRef = A9AE4D7C1C8EC1E8009F86B2 /* MASConstraint.m */; };
		A9AE4D921C8EC1E9009F86B2 /* MASConstraintMaker.m in Sources */ = {isa = PBXBuildFile; fileRef = A9AE4D7F1C8EC1E8009F86B2 /* MASConstraintMaker.m */; };
		A9AE4D931C8EC1E9009F86B2 /* MASLayoutConstraint.m in Sources */ = {isa = PBXBuildFile; fileRef = A9AE4D811C8EC1E8009F86B2 /* MASLayoutConstraint.m */; };
		A9AE4D941C8EC1E9009F86B2 /* MASViewAttribute.m in Sources */ = {isa = PBXBuildFile; fileRef = A9AE4D851C8EC1E8009F86B2 /* MASViewAttribute.m */; };
		A9AE4D951C8EC1E9009F86B2 /* MASViewConstraint.m in Sources */ = {isa = PBXBuildFile; fileRef = A9AE4D871C8EC1E8009F86B2 /* MASViewConstraint.m */; };
		A9AE4D961C8EC1E9009F86B2 /* NSArray+MASAdditions.m in Sources */ = {isa = PBXBuildFile; fileRef = A9AE4D891C8EC1E8009F86B2 /* NSArray+MASAdditions.m */; };
		A9AE4D971C8EC1E9009F86B2 /* NSLayoutConstraint+MASDebugAdditions.m in Sources */ = {isa = PBXBuildFile; fileRef = A9AE4D8C1C8EC1E8009F86B2 /* NSLayoutConstraint+MASDebugAdditions.m */; };
		A9AE4D981C8EC1E9009F86B2 /* View+MASAdditions.m in Sources */ = {isa = PBXBuildFile; fileRef = A9AE4D8E1C8EC1E8009F86B2 /* View+MASAdditions.m */; };
		A9AE4D9C1C8EC285009F86B2 /* BaseSubview.m in Sources */ = {isa = PBXBuildFile; fileRef = A9AE4D9B1C8EC285009F86B2 /* BaseSubview.m */; };
		A9AE4DA11C8EC30E009F86B2 /* CellSubview.m in Sources */ = {isa = PBXBuildFile; fileRef = A9AE4DA01C8EC30E009F86B2 /* CellSubview.m */; };
		A9AE4DA51C8EC416009F86B2 /* BaseView.m in Sources */ = {isa = PBXBuildFile; fileRef = A9AE4DA41C8EC416009F86B2 /* BaseView.m */; };
/* End PBXBuildFile section */

/* Begin PBXContainerItemProxy section */
		A978BB2F1C8E9A8300F06064 /* PBXContainerItemProxy */ = {
			isa = PBXContainerItemProxy;
			containerPortal = A978BB0D1C8E9A8300F06064 /* Project object */;
			proxyType = 1;
			remoteGlobalIDString = A978BB141C8E9A8300F06064;
			remoteInfo = touchme;
		};
		A978BB3A1C8E9A8300F06064 /* PBXContainerItemProxy */ = {
			isa = PBXContainerItemProxy;
			containerPortal = A978BB0D1C8E9A8300F06064 /* Project object */;
			proxyType = 1;
			remoteGlobalIDString = A978BB141C8E9A8300F06064;
			remoteInfo = touchme;
		};
/* End PBXContainerItemProxy section */

/* Begin PBXFileReference section */
		A90D165B1C944C4C003C4FFC /* HomeItem.h */ = {isa = PBXFileReference; fileEncoding = 4; lastKnownFileType = sourcecode.c.h; name = HomeItem.h; path = Model/HomeItem.h; sourceTree = "<group>"; };
		A90D165C1C944C4C003C4FFC /* HomeItem.m */ = {isa = PBXFileReference; fileEncoding = 4; lastKnownFileType = sourcecode.c.objc; name = HomeItem.m; path = Model/HomeItem.m; sourceTree = "<group>"; };
		A90D165E1C944C8E003C4FFC /* HomeItemType.h */ = {isa = PBXFileReference; lastKnownFileType = sourcecode.c.h; name = HomeItemType.h; path = Types/HomeItemType.h; sourceTree = "<group>"; };
		A90D16601C944CF4003C4FFC /* NSString+HomeItemType.h */ = {isa = PBXFileReference; fileEncoding = 4; lastKnownFileType = sourcecode.c.h; name = "NSString+HomeItemType.h"; path = "Types/NSString+HomeItemType.h"; sourceTree = "<group>"; };
		A90D16611C944CF4003C4FFC /* NSString+HomeItemType.m */ = {isa = PBXFileReference; fileEncoding = 4; lastKnownFileType = sourcecode.c.objc; name = "NSString+HomeItemType.m"; path = "Types/NSString+HomeItemType.m"; sourceTree = "<group>"; };
		A90D16631C94539F003C4FFC /* HomeView.h */ = {isa = PBXFileReference; fileEncoding = 4; lastKnownFileType = sourcecode.c.h; name = HomeView.h; path = UI/Views/Main/HomeView.h; sourceTree = "<group>"; };
		A90D16641C94539F003C4FFC /* HomeView.m */ = {isa = PBXFileReference; fileEncoding = 4; lastKnownFileType = sourcecode.c.objc; name = HomeView.m; path = UI/Views/Main/HomeView.m; sourceTree = "<group>"; };
		A90D16661C94553E003C4FFC /* BlockTypes.h */ = {isa = PBXFileReference; lastKnownFileType = sourcecode.c.h; name = BlockTypes.h; path = Types/BlockTypes.h; sourceTree = "<group>"; };
		A90D16671C9456B7003C4FFC /* ArrayDataSource.h */ = {isa = PBXFileReference; fileEncoding = 4; lastKnownFileType = sourcecode.c.h; name = ArrayDataSource.h; path = Protocols/DataSource/ArrayDataSource.h; sourceTree = "<group>"; };
		A90D16681C9456B7003C4FFC /* ArrayDataSource.m */ = {isa = PBXFileReference; fileEncoding = 4; lastKnownFileType = sourcecode.c.objc; name = ArrayDataSource.m; path = Protocols/DataSource/ArrayDataSource.m; sourceTree = "<group>"; };
		A90D166C1C9459E9003C4FFC /* UIImage+Sizing.h */ = {isa = PBXFileReference; fileEncoding = 4; lastKnownFileType = sourcecode.c.h; name = "UIImage+Sizing.h"; path = "Categories/Image/UIImage+Sizing.h"; sourceTree = "<group>"; };
		A90D166D1C9459E9003C4FFC /* UIImage+Sizing.m */ = {isa = PBXFileReference; fileEncoding = 4; lastKnownFileType = sourcecode.c.objc; name = "UIImage+Sizing.m"; path = "Categories/Image/UIImage+Sizing.m"; sourceTree = "<group>"; };
		A90D166F1C945B41003C4FFC /* TMSizes.h */ = {isa = PBXFileReference; lastKnownFileType = sourcecode.c.h; name = TMSizes.h; path = Types/TMSizes.h; sourceTree = "<group>"; };
		A90D16701C945D10003C4FFC /* TMTableViewController.h */ = {isa = PBXFileReference; fileEncoding = 4; lastKnownFileType = sourcecode.c.h; name = TMTableViewController.h; path = UI/Controllers/TMTableViewController.h; sourceTree = "<group>"; };
		A90D16711C945D10003C4FFC /* TMTableViewController.m */ = {isa = PBXFileReference; fileEncoding = 4; lastKnownFileType = sourcecode.c.objc; name = TMTableViewController.m; path = UI/Controllers/TMTableViewController.m; sourceTree = "<group>"; };
		A90D16731C945D30003C4FFC /* TMCollectionViewController.h */ = {isa = PBXFileReference; fileEncoding = 4; lastKnownFileType = sourcecode.c.h; name = TMCollectionViewController.h; path = UI/Controllers/TMCollectionViewController.h; sourceTree = "<group>"; };
		A90D16741C945D30003C4FFC /* TMCollectionViewController.m */ = {isa = PBXFileReference; fileEncoding = 4; lastKnownFileType = sourcecode.c.objc; name = TMCollectionViewController.m; path = UI/Controllers/TMCollectionViewController.m; sourceTree = "<group>"; };
		A90D16761C945D49003C4FFC /* TMPlainViewController.h */ = {isa = PBXFileReference; fileEncoding = 4; lastKnownFileType = sourcecode.c.h; name = TMPlainViewController.h; path = UI/Controllers/TMPlainViewController.h; sourceTree = "<group>"; };
		A90D16771C945D49003C4FFC /* TMPlainViewController.m */ = {isa = PBXFileReference; fileEncoding = 4; lastKnownFileType = sourcecode.c.objc; name = TMPlainViewController.m; path = UI/Controllers/TMPlainViewController.m; sourceTree = "<group>"; };
		A90D16791C945E1B003C4FFC /* TMRouteType.h */ = {isa = PBXFileReference; lastKnownFileType = sourcecode.c.h; name = TMRouteType.h; path = Types/TMRouteType.h; sourceTree = "<group>"; };
		A90D167A1C9462E8003C4FFC /* TMRoute.h */ = {isa = PBXFileReference; fileEncoding = 4; lastKnownFileType = sourcecode.c.h; name = TMRoute.h; path = Model/TMRoute.h; sourceTree = "<group>"; };
		A90D167B1C9462E8003C4FFC /* TMRoute.m */ = {isa = PBXFileReference; fileEncoding = 4; lastKnownFileType = sourcecode.c.objc; name = TMRoute.m; path = Model/TMRoute.m; sourceTree = "<group>"; };
		A90D167D1C946378003C4FFC /* NSString+TMRouteType.h */ = {isa = PBXFileReference; fileEncoding = 4; lastKnownFileType = sourcecode.c.h; name = "NSString+TMRouteType.h"; path = "Types/NSString+TMRouteType.h"; sourceTree = "<group>"; };
		A90D167E1C946378003C4FFC /* NSString+TMRouteType.m */ = {isa = PBXFileReference; fileEncoding = 4; lastKnownFileType = sourcecode.c.objc; name = "NSString+TMRouteType.m"; path = "Types/NSString+TMRouteType.m"; sourceTree = "<group>"; };
		A90D16801C946ACA003C4FFC /* HomeViewControllerDelegate.h */ = {isa = PBXFileReference; fileEncoding = 4; lastKnownFileType = sourcecode.c.h; name = HomeViewControllerDelegate.h; path = Protocols/Delegate/HomeViewControllerDelegate.h; sourceTree = "<group>"; };
		A90D16811C946ACA003C4FFC /* HomeViewControllerDelegate.m */ = {isa = PBXFileReference; fileEncoding = 4; lastKnownFileType = sourcecode.c.objc; name = HomeViewControllerDelegate.m; path = Protocols/Delegate/HomeViewControllerDelegate.m; sourceTree = "<group>"; };
		A90D16841C946D8B003C4FFC /* BaseStore.h */ = {isa = PBXFileReference; fileEncoding = 4; lastKnownFileType = sourcecode.c.h; name = BaseStore.h; path = Stores/BaseStore.h; sourceTree = "<group>"; };
		A90D16851C946D8B003C4FFC /* BaseStore.m */ = {isa = PBXFileReference; fileEncoding = 4; lastKnownFileType = sourcecode.c.objc; name = BaseStore.m; path = Stores/BaseStore.m; sourceTree = "<group>"; };
		A90D16881C946DD6003C4FFC /* HomeItemsStore.h */ = {isa = PBXFileReference; fileEncoding = 4; lastKnownFileType = sourcecode.c.h; name = HomeItemsStore.h; path = Stores/HomeItemsStore.h; sourceTree = "<group>"; };
		A90D16891C946DD6003C4FFC /* HomeItemsStore.m */ = {isa = PBXFileReference; fileEncoding = 4; lastKnownFileType = sourcecode.c.objc; name = HomeItemsStore.m; path = Stores/HomeItemsStore.m; sourceTree = "<group>"; };
		A90D168B1C9476CA003C4FFC /* TMTableView.h */ = {isa = PBXFileReference; fileEncoding = 4; lastKnownFileType = sourcecode.c.h; name = TMTableView.h; path = UI/Views/Main/TMTableView.h; sourceTree = "<group>"; };
		A90D168C1C9476CA003C4FFC /* TMTableView.m */ = {isa = PBXFileReference; fileEncoding = 4; lastKnownFileType = sourcecode.c.objc; name = TMTableView.m; path = UI/Views/Main/TMTableView.m; sourceTree = "<group>"; };
		A90D168E1C9476F0003C4FFC /* TMCollectionView.h */ = {isa = PBXFileReference; fileEncoding = 4; lastKnownFileType = sourcecode.c.h; name = TMCollectionView.h; path = UI/Views/Main/TMCollectionView.h; sourceTree = "<group>"; };
		A90D168F1C9476F0003C4FFC /* TMCollectionView.m */ = {isa = PBXFileReference; fileEncoding = 4; lastKnownFileType = sourcecode.c.objc; name = TMCollectionView.m; path = UI/Views/Main/TMCollectionView.m; sourceTree = "<group>"; };
		A90D16911C947708003C4FFC /* TMPlainView.h */ = {isa = PBXFileReference; fileEncoding = 4; lastKnownFileType = sourcecode.c.h; name = TMPlainView.h; path = UI/Views/Main/TMPlainView.h; sourceTree = "<group>"; };
		A90D16921C947708003C4FFC /* TMPlainView.m */ = {isa = PBXFileReference; fileEncoding = 4; lastKnownFileType = sourcecode.c.objc; name = TMPlainView.m; path = UI/Views/Main/TMPlainView.m; sourceTree = "<group>"; };
		A90D16941C947767003C4FFC /* ColorItemCellSubview.h */ = {isa = PBXFileReference; fileEncoding = 4; lastKnownFileType = sourcecode.c.h; name = ColorItemCellSubview.h; path = UI/Views/Cell/ColorItemCellSubview.h; sourceTree = "<group>"; };
		A90D16951C947767003C4FFC /* ColorItemCellSubview.m */ = {isa = PBXFileReference; fileEncoding = 4; lastKnownFileType = sourcecode.c.objc; name = ColorItemCellSubview.m; path = UI/Views/Cell/ColorItemCellSubview.m; sourceTree = "<group>"; };
		A90D16971C947833003C4FFC /* UIColor+TMStyle.h */ = {isa = PBXFileReference; fileEncoding = 4; lastKnownFileType = sourcecode.c.h; name = "UIColor+TMStyle.h"; path = "Style/UIColor+TMStyle.h"; sourceTree = "<group>"; };
		A90D16981C947833003C4FFC /* UIColor+TMStyle.m */ = {isa = PBXFileReference; fileEncoding = 4; lastKnownFileType = sourcecode.c.objc; name = "UIColor+TMStyle.m"; path = "Style/UIColor+TMStyle.m"; sourceTree = "<group>"; };
		A90D169B1C947AAA003C4FFC /* UIFont+TMStyle.h */ = {isa = PBXFileReference; fileEncoding = 4; lastKnownFileType = sourcecode.c.h; name = "UIFont+TMStyle.h"; path = "Style/UIFont+TMStyle.h"; sourceTree = "<group>"; };
		A90D169C1C947AAA003C4FFC /* UIFont+TMStyle.m */ = {isa = PBXFileReference; fileEncoding = 4; lastKnownFileType = sourcecode.c.objc; name = "UIFont+TMStyle.m"; path = "Style/UIFont+TMStyle.m"; sourceTree = "<group>"; };
		A90D169E1C947C78003C4FFC /* UILabel+TMStyle.h */ = {isa = PBXFileReference; fileEncoding = 4; lastKnownFileType = sourcecode.c.h; name = "UILabel+TMStyle.h"; path = "Style/UILabel+TMStyle.h"; sourceTree = "<group>"; };
		A90D169F1C947C78003C4FFC /* UILabel+TMStyle.m */ = {isa = PBXFileReference; fileEncoding = 4; lastKnownFileType = sourcecode.c.objc; name = "UILabel+TMStyle.m"; path = "Style/UILabel+TMStyle.m"; sourceTree = "<group>"; };
		A978BB151C8E9A8300F06064 /* touchme.app */ = {isa = PBXFileReference; explicitFileType = wrapper.application; includeInIndex = 0; path = touchme.app; sourceTree = BUILT_PRODUCTS_DIR; };
		A978BB191C8E9A8300F06064 /* main.m */ = {isa = PBXFileReference; lastKnownFileType = sourcecode.c.objc; path = main.m; sourceTree = "<group>"; };
		A978BB1B1C8E9A8300F06064 /* AppDelegate.h */ = {isa = PBXFileReference; lastKnownFileType = sourcecode.c.h; path = AppDelegate.h; sourceTree = "<group>"; };
		A978BB1C1C8E9A8300F06064 /* AppDelegate.m */ = {isa = PBXFileReference; lastKnownFileType = sourcecode.c.objc; path = AppDelegate.m; sourceTree = "<group>"; };
		A978BB241C8E9A8300F06064 /* Assets.xcassets */ = {isa = PBXFileReference; lastKnownFileType = folder.assetcatalog; path = Assets.xcassets; sourceTree = "<group>"; };
		A978BB291C8E9A8300F06064 /* Info.plist */ = {isa = PBXFileReference; lastKnownFileType = text.plist.xml; path = Info.plist; sourceTree = "<group>"; };
		A978BB2E1C8E9A8300F06064 /* touchmeTests.xctest */ = {isa = PBXFileReference; explicitFileType = wrapper.cfbundle; includeInIndex = 0; path = touchmeTests.xctest; sourceTree = BUILT_PRODUCTS_DIR; };
		A978BB321C8E9A8300F06064 /* touchmeTests.m */ = {isa = PBXFileReference; lastKnownFileType = sourcecode.c.objc; path = touchmeTests.m; sourceTree = "<group>"; };
		A978BB341C8E9A8300F06064 /* Info.plist */ = {isa = PBXFileReference; lastKnownFileType = text.plist.xml; path = Info.plist; sourceTree = "<group>"; };
		A978BB391C8E9A8300F06064 /* touchmeUITests.xctest */ = {isa = PBXFileReference; explicitFileType = wrapper.cfbundle; includeInIndex = 0; path = touchmeUITests.xctest; sourceTree = BUILT_PRODUCTS_DIR; };
		A978BB3D1C8E9A8300F06064 /* touchmeUITests.m */ = {isa = PBXFileReference; lastKnownFileType = sourcecode.c.objc; path = touchmeUITests.m; sourceTree = "<group>"; };
		A978BB3F1C8E9A8300F06064 /* Info.plist */ = {isa = PBXFileReference; lastKnownFileType = text.plist.xml; path = Info.plist; sourceTree = "<group>"; };
		A978BB4B1C8E9B0500F06064 /* touchme.pch */ = {isa = PBXFileReference; lastKnownFileType = sourcecode.c.h; path = touchme.pch; sourceTree = "<group>"; };
		A978BB4F1C8E9D4C00F06064 /* en */ = {isa = PBXFileReference; lastKnownFileType = text.plist.strings; name = en; path = en.lproj/Localizable.strings; sourceTree = "<group>"; };
		A978BB511C8E9DAB00F06064 /* hr */ = {isa = PBXFileReference; lastKnownFileType = text.plist.strings; name = hr; path = hr.lproj/Localizable.strings; sourceTree = "<group>"; };
		A978BB521C8E9EBF00F06064 /* Default-568h@2x.png */ = {isa = PBXFileReference; lastKnownFileType = image.png; path = "Default-568h@2x.png"; sourceTree = "<group>"; };
		A9AE4D011C8EA128009F86B2 /* HomeViewController.h */ = {isa = PBXFileReference; fileEncoding = 4; lastKnownFileType = sourcecode.c.h; name = HomeViewController.h; path = UI/Controllers/HomeViewController.h; sourceTree = "<group>"; };
		A9AE4D021C8EA128009F86B2 /* HomeViewController.m */ = {isa = PBXFileReference; fileEncoding = 4; lastKnownFileType = sourcecode.c.objc; name = HomeViewController.m; path = UI/Controllers/HomeViewController.m; sourceTree = "<group>"; };
		A9AE4D061C8EA172009F86B2 /* BaseViewController.h */ = {isa = PBXFileReference; fileEncoding = 4; lastKnownFileType = sourcecode.c.h; name = BaseViewController.h; path = UI/Controllers/BaseViewController.h; sourceTree = "<group>"; };
		A9AE4D071C8EA172009F86B2 /* BaseViewController.m */ = {isa = PBXFileReference; fileEncoding = 4; lastKnownFileType = sourcecode.c.objc; name = BaseViewController.m; path = UI/Controllers/BaseViewController.m; sourceTree = "<group>"; };
		A9AE4D091C8EA40D009F86B2 /* UIViewController+CheckFor3DTouch.h */ = {isa = PBXFileReference; fileEncoding = 4; lastKnownFileType = sourcecode.c.h; name = "UIViewController+CheckFor3DTouch.h"; path = "Categories/ViewController/UIViewController+CheckFor3DTouch.h"; sourceTree = "<group>"; };
		A9AE4D0A1C8EA40D009F86B2 /* UIViewController+CheckFor3DTouch.m */ = {isa = PBXFileReference; fileEncoding = 4; lastKnownFileType = sourcecode.c.objc; name = "UIViewController+CheckFor3DTouch.m"; path = "Categories/ViewController/UIViewController+CheckFor3DTouch.m"; sourceTree = "<group>"; };
		A9AE4D101C8EA5BC009F86B2 /* UIApplication+ThreeDSupport.h */ = {isa = PBXFileReference; fileEncoding = 4; lastKnownFileType = sourcecode.c.h; name = "UIApplication+ThreeDSupport.h"; path = "Categories/Application/UIApplication+ThreeDSupport.h"; sourceTree = "<group>"; };
		A9AE4D111C8EA5BC009F86B2 /* UIApplication+ThreeDSupport.m */ = {isa = PBXFileReference; fileEncoding = 4; lastKnownFileType = sourcecode.c.objc; name = "UIApplication+ThreeDSupport.m"; path = "Categories/Application/UIApplication+ThreeDSupport.m"; sourceTree = "<group>"; };
		A9AE4D141C8EB276009F86B2 /* UIColor+Copic.h */ = {isa = PBXFileReference; fileEncoding = 4; lastKnownFileType = sourcecode.c.h; name = "UIColor+Copic.h"; path = "Categories/Color/Colors/UIColor+Copic.h"; sourceTree = "<group>"; };
		A9AE4D151C8EB276009F86B2 /* UIColor+Copic.m */ = {isa = PBXFileReference; fileEncoding = 4; lastKnownFileType = sourcecode.c.objc; name = "UIColor+Copic.m"; path = "Categories/Color/Colors/UIColor+Copic.m"; sourceTree = "<group>"; };
		A9AE4D191C8EB4E8009F86B2 /* UIColor+Html.h */ = {isa = PBXFileReference; fileEncoding = 4; lastKnownFileType = sourcecode.c.h; name = "UIColor+Html.h"; path = "Categories/Color/Colors/UIColor+Html.h"; sourceTree = "<group>"; };
		A9AE4D1A1C8EB4E8009F86B2 /* UIColor+Html.m */ = {isa = PBXFileReference; fileEncoding = 4; lastKnownFileType = sourcecode.c.objc; name = "UIColor+Html.m"; path = "Categories/Color/Colors/UIColor+Html.m"; sourceTree = "<group>"; };
		A9AE4D1F1C8EB624009F86B2 /* UIColor+Pantone.h */ = {isa = PBXFileReference; fileEncoding = 4; lastKnownFileType = sourcecode.c.h; name = "UIColor+Pantone.h"; path = "Categories/Color/Colors/UIColor+Pantone.h"; sourceTree = "<group>"; };
		A9AE4D201C8EB624009F86B2 /* UIColor+Pantone.m */ = {isa = PBXFileReference; fileEncoding = 4; lastKnownFileType = sourcecode.c.objc; name = "UIColor+Pantone.m"; path = "Categories/Color/Colors/UIColor+Pantone.m"; sourceTree = "<group>"; };
		A9AE4D251C8EB732009F86B2 /* UIColor+Crayon.h */ = {isa = PBXFileReference; fileEncoding = 4; lastKnownFileType = sourcecode.c.h; name = "UIColor+Crayon.h"; path = "Categories/Color/Colors/UIColor+Crayon.h"; sourceTree = "<group>"; };
		A9AE4D261C8EB732009F86B2 /* UIColor+Crayon.m */ = {isa = PBXFileReference; fileEncoding = 4; lastKnownFileType = sourcecode.c.objc; name = "UIColor+Crayon.m"; path = "Categories/Color/Colors/UIColor+Crayon.m"; sourceTree = "<group>"; };
		A9AE4D281C8EB73B009F86B2 /* UIColor+Crayola.h */ = {isa = PBXFileReference; fileEncoding = 4; lastKnownFileType = sourcecode.c.h; name = "UIColor+Crayola.h"; path = "Categories/Color/Colors/UIColor+Crayola.h"; sourceTree = "<group>"; };
		A9AE4D291C8EB73B009F86B2 /* UIColor+Crayola.m */ = {isa = PBXFileReference; fileEncoding = 4; lastKnownFileType = sourcecode.c.objc; name = "UIColor+Crayola.m"; path = "Categories/Color/Colors/UIColor+Crayola.m"; sourceTree = "<group>"; };
		A9AE4D2B1C8EB7B6009F86B2 /* UIColor+HexString.h */ = {isa = PBXFileReference; fileEncoding = 4; lastKnownFileType = sourcecode.c.h; name = "UIColor+HexString.h"; path = "Categories/Color/UIColor+HexString.h"; sourceTree = "<group>"; };
		A9AE4D2C1C8EB7B6009F86B2 /* UIColor+HexString.m */ = {isa = PBXFileReference; fileEncoding = 4; lastKnownFileType = sourcecode.c.objc; name = "UIColor+HexString.m"; path = "Categories/Color/UIColor+HexString.m"; sourceTree = "<group>"; };
		A9AE4D2E1C8EB883009F86B2 /* NSArray+StringHelper.h */ = {isa = PBXFileReference; fileEncoding = 4; lastKnownFileType = sourcecode.c.h; name = "NSArray+StringHelper.h"; path = "Categories/Array/NSArray+StringHelper.h"; sourceTree = "<group>"; };
		A9AE4D2F1C8EB883009F86B2 /* NSArray+StringHelper.m */ = {isa = PBXFileReference; fileEncoding = 4; lastKnownFileType = sourcecode.c.objc; name = "NSArray+StringHelper.m"; path = "Categories/Array/NSArray+StringHelper.m"; sourceTree = "<group>"; };
		A9AE4D321C8EB89B009F86B2 /* NSString+MethodList.h */ = {isa = PBXFileReference; fileEncoding = 4; lastKnownFileType = sourcecode.c.h; name = "NSString+MethodList.h"; path = "Categories/String/NSString+MethodList.h"; sourceTree = "<group>"; };
		A9AE4D331C8EB89B009F86B2 /* NSString+MethodList.m */ = {isa = PBXFileReference; fileEncoding = 4; lastKnownFileType = sourcecode.c.objc; name = "NSString+MethodList.m"; path = "Categories/String/NSString+MethodList.m"; sourceTree = "<group>"; };
		A9AE4D361C8EB8BC009F86B2 /* UIColor+StandardColors.h */ = {isa = PBXFileReference; fileEncoding = 4; lastKnownFileType = sourcecode.c.h; name = "UIColor+StandardColors.h"; path = "Categories/Color/UIColor+StandardColors.h"; sourceTree = "<group>"; };
		A9AE4D371C8EB8BC009F86B2 /* UIColor+StandardColors.m */ = {isa = PBXFileReference; fileEncoding = 4; lastKnownFileType = sourcecode.c.objc; name = "UIColor+StandardColors.m"; path = "Categories/Color/UIColor+StandardColors.m"; sourceTree = "<group>"; };
		A9AE4D391C8EB954009F86B2 /* MMJColorPalettes.h */ = {isa = PBXFileReference; fileEncoding = 4; lastKnownFileType = sourcecode.c.h; name = MMJColorPalettes.h; path = Model/MMJColorPalettes.h; sourceTree = "<group>"; };
		A9AE4D3A1C8EB954009F86B2 /* MMJColorPalettes.m */ = {isa = PBXFileReference; fileEncoding = 4; lastKnownFileType = sourcecode.c.objc; name = MMJColorPalettes.m; path = Model/MMJColorPalettes.m; sourceTree = "<group>"; };
		A9AE4D3D1C8EBAF9009F86B2 /* MMJColorItem.h */ = {isa = PBXFileReference; fileEncoding = 4; lastKnownFileType = sourcecode.c.h; name = MMJColorItem.h; path = Model/MMJColorItem.h; sourceTree = "<group>"; };
		A9AE4D3E1C8EBAF9009F86B2 /* MMJColorItem.m */ = {isa = PBXFileReference; fileEncoding = 4; lastKnownFileType = sourcecode.c.objc; name = MMJColorItem.m; path = Model/MMJColorItem.m; sourceTree = "<group>"; };
		A9AE4D401C8EBF36009F86B2 /* UIImage+Colored.h */ = {isa = PBXFileReference; fileEncoding = 4; lastKnownFileType = sourcecode.c.h; name = "UIImage+Colored.h"; path = "Categories/Image/UIImage+Colored.h"; sourceTree = "<group>"; };
		A9AE4D411C8EBF36009F86B2 /* UIImage+Colored.m */ = {isa = PBXFileReference; fileEncoding = 4; lastKnownFileType = sourcecode.c.objc; name = "UIImage+Colored.m"; path = "Categories/Image/UIImage+Colored.m"; sourceTree = "<group>"; };
		A9AE4D6C1C8EC185009F86B2 /* LICENSE */ = {isa = PBXFileReference; fileEncoding = 4; lastKnownFileType = text; name = LICENSE; path = Vendor/MBProgressHUD/LICENSE; sourceTree = "<group>"; };
		A9AE4D6D1C8EC185009F86B2 /* MBProgressHUD.h */ = {isa = PBXFileReference; fileEncoding = 4; lastKnownFileType = sourcecode.c.h; name = MBProgressHUD.h; path = Vendor/MBProgressHUD/MBProgressHUD.h; sourceTree = "<group>"; };
		A9AE4D6E1C8EC185009F86B2 /* MBProgressHUD.m */ = {isa = PBXFileReference; fileEncoding = 4; lastKnownFileType = sourcecode.c.objc; name = MBProgressHUD.m; path = Vendor/MBProgressHUD/MBProgressHUD.m; sourceTree = "<group>"; };
		A9AE4D6F1C8EC185009F86B2 /* README.mdown */ = {isa = PBXFileReference; fileEncoding = 4; lastKnownFileType = net.daringfireball.markdown; name = README.mdown; path = Vendor/MBProgressHUD/README.mdown; sourceTree = "<group>"; };
		A9AE4D751C8EC1C9009F86B2 /* LICENSE */ = {isa = PBXFileReference; fileEncoding = 4; lastKnownFileType = text; name = LICENSE; path = Vendor/Masonry/LICENSE; sourceTree = "<group>"; };
		A9AE4D771C8EC1D5009F86B2 /* README.md */ = {isa = PBXFileReference; fileEncoding = 4; lastKnownFileType = net.daringfireball.markdown; name = README.md; path = Vendor/Masonry/README.md; sourceTree = "<group>"; };
		A9AE4D791C8EC1E8009F86B2 /* MASCompositeConstraint.h */ = {isa = PBXFileReference; fileEncoding = 4; lastKnownFileType = sourcecode.c.h; name = MASCompositeConstraint.h; path = Vendor/Masonry/Masonry/MASCompositeConstraint.h; sourceTree = "<group>"; };
		A9AE4D7A1C8EC1E8009F86B2 /* MASCompositeConstraint.m */ = {isa = PBXFileReference; fileEncoding = 4; lastKnownFileType = sourcecode.c.objc; name = MASCompositeConstraint.m; path = Vendor/Masonry/Masonry/MASCompositeConstraint.m; sourceTree = "<group>"; };
		A9AE4D7B1C8EC1E8009F86B2 /* MASConstraint.h */ = {isa = PBXFileReference; fileEncoding = 4; lastKnownFileType = sourcecode.c.h; name = MASConstraint.h; path = Vendor/Masonry/Masonry/MASConstraint.h; sourceTree = "<group>"; };
		A9AE4D7C1C8EC1E8009F86B2 /* MASConstraint.m */ = {isa = PBXFileReference; fileEncoding = 4; lastKnownFileType = sourcecode.c.objc; name = MASConstraint.m; path = Vendor/Masonry/Masonry/MASConstraint.m; sourceTree = "<group>"; };
		A9AE4D7D1C8EC1E8009F86B2 /* MASConstraint+Private.h */ = {isa = PBXFileReference; fileEncoding = 4; lastKnownFileType = sourcecode.c.h; name = "MASConstraint+Private.h"; path = "Vendor/Masonry/Masonry/MASConstraint+Private.h"; sourceTree = "<group>"; };
		A9AE4D7E1C8EC1E8009F86B2 /* MASConstraintMaker.h */ = {isa = PBXFileReference; fileEncoding = 4; lastKnownFileType = sourcecode.c.h; name = MASConstraintMaker.h; path = Vendor/Masonry/Masonry/MASConstraintMaker.h; sourceTree = "<group>"; };
		A9AE4D7F1C8EC1E8009F86B2 /* MASConstraintMaker.m */ = {isa = PBXFileReference; fileEncoding = 4; lastKnownFileType = sourcecode.c.objc; name = MASConstraintMaker.m; path = Vendor/Masonry/Masonry/MASConstraintMaker.m; sourceTree = "<group>"; };
		A9AE4D801C8EC1E8009F86B2 /* MASLayoutConstraint.h */ = {isa = PBXFileReference; fileEncoding = 4; lastKnownFileType = sourcecode.c.h; name = MASLayoutConstraint.h; path = Vendor/Masonry/Masonry/MASLayoutConstraint.h; sourceTree = "<group>"; };
		A9AE4D811C8EC1E8009F86B2 /* MASLayoutConstraint.m */ = {isa = PBXFileReference; fileEncoding = 4; lastKnownFileType = sourcecode.c.objc; name = MASLayoutConstraint.m; path = Vendor/Masonry/Masonry/MASLayoutConstraint.m; sourceTree = "<group>"; };
		A9AE4D821C8EC1E8009F86B2 /* Masonry.h */ = {isa = PBXFileReference; fileEncoding = 4; lastKnownFileType = sourcecode.c.h; name = Masonry.h; path = Vendor/Masonry/Masonry/Masonry.h; sourceTree = "<group>"; };
		A9AE4D831C8EC1E8009F86B2 /* MASUtilities.h */ = {isa = PBXFileReference; fileEncoding = 4; lastKnownFileType = sourcecode.c.h; name = MASUtilities.h; path = Vendor/Masonry/Masonry/MASUtilities.h; sourceTree = "<group>"; };
		A9AE4D841C8EC1E8009F86B2 /* MASViewAttribute.h */ = {isa = PBXFileReference; fileEncoding = 4; lastKnownFileType = sourcecode.c.h; name = MASViewAttribute.h; path = Vendor/Masonry/Masonry/MASViewAttribute.h; sourceTree = "<group>"; };
		A9AE4D851C8EC1E8009F86B2 /* MASViewAttribute.m */ = {isa = PBXFileReference; fileEncoding = 4; lastKnownFileType = sourcecode.c.objc; name = MASViewAttribute.m; path = Vendor/Masonry/Masonry/MASViewAttribute.m; sourceTree = "<group>"; };
		A9AE4D861C8EC1E8009F86B2 /* MASViewConstraint.h */ = {isa = PBXFileReference; fileEncoding = 4; lastKnownFileType = sourcecode.c.h; name = MASViewConstraint.h; path = Vendor/Masonry/Masonry/MASViewConstraint.h; sourceTree = "<group>"; };
		A9AE4D871C8EC1E8009F86B2 /* MASViewConstraint.m */ = {isa = PBXFileReference; fileEncoding = 4; lastKnownFileType = sourcecode.c.objc; name = MASViewConstraint.m; path = Vendor/Masonry/Masonry/MASViewConstraint.m; sourceTree = "<group>"; };
		A9AE4D881C8EC1E8009F86B2 /* NSArray+MASAdditions.h */ = {isa = PBXFileReference; fileEncoding = 4; lastKnownFileType = sourcecode.c.h; name = "NSArray+MASAdditions.h"; path = "Vendor/Masonry/Masonry/NSArray+MASAdditions.h"; sourceTree = "<group>"; };
		A9AE4D891C8EC1E8009F86B2 /* NSArray+MASAdditions.m */ = {isa = PBXFileReference; fileEncoding = 4; lastKnownFileType = sourcecode.c.objc; name = "NSArray+MASAdditions.m"; path = "Vendor/Masonry/Masonry/NSArray+MASAdditions.m"; sourceTree = "<group>"; };
		A9AE4D8A1C8EC1E8009F86B2 /* NSArray+MASShorthandAdditions.h */ = {isa = PBXFileReference; fileEncoding = 4; lastKnownFileType = sourcecode.c.h; name = "NSArray+MASShorthandAdditions.h"; path = "Vendor/Masonry/Masonry/NSArray+MASShorthandAdditions.h"; sourceTree = "<group>"; };
		A9AE4D8B1C8EC1E8009F86B2 /* NSLayoutConstraint+MASDebugAdditions.h */ = {isa = PBXFileReference; fileEncoding = 4; lastKnownFileType = sourcecode.c.h; name = "NSLayoutConstraint+MASDebugAdditions.h"; path = "Vendor/Masonry/Masonry/NSLayoutConstraint+MASDebugAdditions.h"; sourceTree = "<group>"; };
		A9AE4D8C1C8EC1E8009F86B2 /* NSLayoutConstraint+MASDebugAdditions.m */ = {isa = PBXFileReference; fileEncoding = 4; lastKnownFileType = sourcecode.c.objc; name = "NSLayoutConstraint+MASDebugAdditions.m"; path = "Vendor/Masonry/Masonry/NSLayoutConstraint+MASDebugAdditions.m"; sourceTree = "<group>"; };
		A9AE4D8D1C8EC1E8009F86B2 /* View+MASAdditions.h */ = {isa = PBXFileReference; fileEncoding = 4; lastKnownFileType = sourcecode.c.h; name = "View+MASAdditions.h"; path = "Vendor/Masonry/Masonry/View+MASAdditions.h"; sourceTree = "<group>"; };
		A9AE4D8E1C8EC1E8009F86B2 /* View+MASAdditions.m */ = {isa = PBXFileReference; fileEncoding = 4; lastKnownFileType = sourcecode.c.objc; name = "View+MASAdditions.m"; path = "Vendor/Masonry/Masonry/View+MASAdditions.m"; sourceTree = "<group>"; };
		A9AE4D8F1C8EC1E8009F86B2 /* View+MASShorthandAdditions.h */ = {isa = PBXFileReference; fileEncoding = 4; lastKnownFileType = sourcecode.c.h; name = "View+MASShorthandAdditions.h"; path = "Vendor/Masonry/Masonry/View+MASShorthandAdditions.h"; sourceTree = "<group>"; };
		A9AE4D9A1C8EC285009F86B2 /* BaseSubview.h */ = {isa = PBXFileReference; fileEncoding = 4; lastKnownFileType = sourcecode.c.h; name = BaseSubview.h; path = UI/Views/Base/BaseSubview.h; sourceTree = "<group>"; };
		A9AE4D9B1C8EC285009F86B2 /* BaseSubview.m */ = {isa = PBXFileReference; fileEncoding = 4; lastKnownFileType = sourcecode.c.objc; name = BaseSubview.m; path = UI/Views/Base/BaseSubview.m; sourceTree = "<group>"; };
		A9AE4D9F1C8EC30E009F86B2 /* CellSubview.h */ = {isa = PBXFileReference; fileEncoding = 4; lastKnownFileType = sourcecode.c.h; name = CellSubview.h; path = UI/Views/Cell/CellSubview.h; sourceTree = "<group>"; };
		A9AE4DA01C8EC30E009F86B2 /* CellSubview.m */ = {isa = PBXFileReference; fileEncoding = 4; lastKnownFileType = sourcecode.c.objc; name = CellSubview.m; path = UI/Views/Cell/CellSubview.m; sourceTree = "<group>"; };
		A9AE4DA31C8EC416009F86B2 /* BaseView.h */ = {isa = PBXFileReference; fileEncoding = 4; lastKnownFileType = sourcecode.c.h; name = BaseView.h; path = UI/Views/Main/BaseView.h; sourceTree = "<group>"; };
		A9AE4DA41C8EC416009F86B2 /* BaseView.m */ = {isa = PBXFileReference; fileEncoding = 4; lastKnownFileType = sourcecode.c.objc; name = BaseView.m; path = UI/Views/Main/BaseView.m; sourceTree = "<group>"; };
/* End PBXFileReference section */

/* Begin PBXFrameworksBuildPhase section */
		A978BB121C8E9A8300F06064 /* Frameworks */ = {
			isa = PBXFrameworksBuildPhase;
			buildActionMask = 2147483647;
			files = (
			);
			runOnlyForDeploymentPostprocessing = 0;
		};
		A978BB2B1C8E9A8300F06064 /* Frameworks */ = {
			isa = PBXFrameworksBuildPhase;
			buildActionMask = 2147483647;
			files = (
			);
			runOnlyForDeploymentPostprocessing = 0;
		};
		A978BB361C8E9A8300F06064 /* Frameworks */ = {
			isa = PBXFrameworksBuildPhase;
			buildActionMask = 2147483647;
			files = (
			);
			runOnlyForDeploymentPostprocessing = 0;
		};
/* End PBXFrameworksBuildPhase section */

/* Begin PBXGroup section */
		A90D165F1C944C93003C4FFC /* Types */ = {
			isa = PBXGroup;
			children = (
				A90D165E1C944C8E003C4FFC /* HomeItemType.h */,
				A90D16601C944CF4003C4FFC /* NSString+HomeItemType.h */,
				A90D16611C944CF4003C4FFC /* NSString+HomeItemType.m */,
				A90D16661C94553E003C4FFC /* BlockTypes.h */,
				A90D166F1C945B41003C4FFC /* TMSizes.h */,
				A90D16791C945E1B003C4FFC /* TMRouteType.h */,
				A90D167D1C946378003C4FFC /* NSString+TMRouteType.h */,
				A90D167E1C946378003C4FFC /* NSString+TMRouteType.m */,
			);
			name = Types;
			sourceTree = "<group>";
		};
		A90D166A1C9456BC003C4FFC /* Protocols */ = {
			isa = PBXGroup;
			children = (
				A90D166B1C9456D0003C4FFC /* DataSource */,
				A90D16831C946AD0003C4FFC /* Delegate */,
			);
			name = Protocols;
			sourceTree = "<group>";
		};
		A90D166B1C9456D0003C4FFC /* DataSource */ = {
			isa = PBXGroup;
			children = (
				A90D16671C9456B7003C4FFC /* ArrayDataSource.h */,
				A90D16681C9456B7003C4FFC /* ArrayDataSource.m */,
			);
			name = DataSource;
			sourceTree = "<group>";
		};
		A90D16831C946AD0003C4FFC /* Delegate */ = {
			isa = PBXGroup;
			children = (
				A90D16801C946ACA003C4FFC /* HomeViewControllerDelegate.h */,
				A90D16811C946ACA003C4FFC /* HomeViewControllerDelegate.m */,
			);
			name = Delegate;
			sourceTree = "<group>";
		};
		A90D16871C946D91003C4FFC /* Stores */ = {
			isa = PBXGroup;
			children = (
				A90D16841C946D8B003C4FFC /* BaseStore.h */,
				A90D16851C946D8B003C4FFC /* BaseStore.m */,
				A90D16881C946DD6003C4FFC /* HomeItemsStore.h */,
				A90D16891C946DD6003C4FFC /* HomeItemsStore.m */,
			);
			name = Stores;
			sourceTree = "<group>";
		};
		A90D169A1C947838003C4FFC /* Style */ = {
			isa = PBXGroup;
			children = (
				A90D16971C947833003C4FFC /* UIColor+TMStyle.h */,
				A90D16981C947833003C4FFC /* UIColor+TMStyle.m */,
				A90D169B1C947AAA003C4FFC /* UIFont+TMStyle.h */,
				A90D169C1C947AAA003C4FFC /* UIFont+TMStyle.m */,
				A90D169E1C947C78003C4FFC /* UILabel+TMStyle.h */,
				A90D169F1C947C78003C4FFC /* UILabel+TMStyle.m */,
			);
			name = Style;
			sourceTree = "<group>";
		};
		A978BB0C1C8E9A8300F06064 = {
			isa = PBXGroup;
			children = (
				A978BB171C8E9A8300F06064 /* touchme */,
				A978BB311C8E9A8300F06064 /* touchmeTests */,
				A978BB3C1C8E9A8300F06064 /* touchmeUITests */,
				A978BB161C8E9A8300F06064 /* Products */,
			);
			sourceTree = "<group>";
		};
		A978BB161C8E9A8300F06064 /* Products */ = {
			isa = PBXGroup;
			children = (
				A978BB151C8E9A8300F06064 /* touchme.app */,
				A978BB2E1C8E9A8300F06064 /* touchmeTests.xctest */,
				A978BB391C8E9A8300F06064 /* touchmeUITests.xctest */,
			);
			name = Products;
			sourceTree = "<group>";
		};
		A978BB171C8E9A8300F06064 /* touchme */ = {
			isa = PBXGroup;
			children = (
				A9AE4D0E1C8EA444009F86B2 /* Application */,
				A90D165F1C944C93003C4FFC /* Types */,
				A9AE4D3C1C8EB95A009F86B2 /* Model */,
				A90D16871C946D91003C4FFC /* Stores */,
				A90D166A1C9456BC003C4FFC /* Protocols */,
				A9AE4D0C1C8EA412009F86B2 /* Categories */,
				A90D169A1C947838003C4FFC /* Style */,
				A9AE4D041C8EA13C009F86B2 /* UI */,
				A9AE4D0D1C8EA428009F86B2 /* Resources */,
				A9AE4D731C8EC18F009F86B2 /* Vendor */,
				A978BB181C8E9A8300F06064 /* Supporting Files */,
			);
			path = touchme;
			sourceTree = "<group>";
		};
		A978BB181C8E9A8300F06064 /* Supporting Files */ = {
			isa = PBXGroup;
			children = (
				A978BB4B1C8E9B0500F06064 /* touchme.pch */,
				A978BB191C8E9A8300F06064 /* main.m */,
			);
			name = "Supporting Files";
			sourceTree = "<group>";
		};
		A978BB311C8E9A8300F06064 /* touchmeTests */ = {
			isa = PBXGroup;
			children = (
				A978BB321C8E9A8300F06064 /* touchmeTests.m */,
				A978BB341C8E9A8300F06064 /* Info.plist */,
			);
			path = touchmeTests;
			sourceTree = "<group>";
		};
		A978BB3C1C8E9A8300F06064 /* touchmeUITests */ = {
			isa = PBXGroup;
			children = (
				A978BB3D1C8E9A8300F06064 /* touchmeUITests.m */,
				A978BB3F1C8E9A8300F06064 /* Info.plist */,
			);
			path = touchmeUITests;
			sourceTree = "<group>";
		};
		A9AE4D041C8EA13C009F86B2 /* UI */ = {
			isa = PBXGroup;
			children = (
				A9AE4D051C8EA155009F86B2 /* Controller */,
				A9AE4D9D1C8EC28A009F86B2 /* Views */,
			);
			name = UI;
			sourceTree = "<group>";
		};
		A9AE4D051C8EA155009F86B2 /* Controller */ = {
			isa = PBXGroup;
			children = (
				A9AE4D061C8EA172009F86B2 /* BaseViewController.h */,
				A9AE4D071C8EA172009F86B2 /* BaseViewController.m */,
				A9AE4D011C8EA128009F86B2 /* HomeViewController.h */,
				A9AE4D021C8EA128009F86B2 /* HomeViewController.m */,
				A90D16701C945D10003C4FFC /* TMTableViewController.h */,
				A90D16711C945D10003C4FFC /* TMTableViewController.m */,
				A90D16731C945D30003C4FFC /* TMCollectionViewController.h */,
				A90D16741C945D30003C4FFC /* TMCollectionViewController.m */,
				A90D16761C945D49003C4FFC /* TMPlainViewController.h */,
				A90D16771C945D49003C4FFC /* TMPlainViewController.m */,
			);
			name = Controller;
			sourceTree = "<group>";
		};
		A9AE4D0C1C8EA412009F86B2 /* Categories */ = {
			isa = PBXGroup;
			children = (
				A9AE4D431C8EBF3B009F86B2 /* Image */,
				A9AE4D351C8EB8A1009F86B2 /* String */,
				A9AE4D311C8EB889009F86B2 /* Array */,
				A9AE4D171C8EB289009F86B2 /* Color */,
				A9AE4D131C8EA5C1009F86B2 /* Application */,
				A9AE4D0F1C8EA55C009F86B2 /* ViewController */,
			);
			name = Categories;
			sourceTree = "<group>";
		};
		A9AE4D0D1C8EA428009F86B2 /* Resources */ = {
			isa = PBXGroup;
			children = (
				A978BB501C8E9D4C00F06064 /* Localizable.strings */,
				A978BB241C8E9A8300F06064 /* Assets.xcassets */,
				A978BB521C8E9EBF00F06064 /* Default-568h@2x.png */,
			);
			name = Resources;
			sourceTree = "<group>";
		};
		A9AE4D0E1C8EA444009F86B2 /* Application */ = {
			isa = PBXGroup;
			children = (
				A978BB1B1C8E9A8300F06064 /* AppDelegate.h */,
				A978BB1C1C8E9A8300F06064 /* AppDelegate.m */,
				A978BB291C8E9A8300F06064 /* Info.plist */,
			);
			name = Application;
			sourceTree = "<group>";
		};
		A9AE4D0F1C8EA55C009F86B2 /* ViewController */ = {
			isa = PBXGroup;
			children = (
				A9AE4D091C8EA40D009F86B2 /* UIViewController+CheckFor3DTouch.h */,
				A9AE4D0A1C8EA40D009F86B2 /* UIViewController+CheckFor3DTouch.m */,
			);
			name = ViewController;
			sourceTree = "<group>";
		};
		A9AE4D131C8EA5C1009F86B2 /* Application */ = {
			isa = PBXGroup;
			children = (
				A9AE4D101C8EA5BC009F86B2 /* UIApplication+ThreeDSupport.h */,
				A9AE4D111C8EA5BC009F86B2 /* UIApplication+ThreeDSupport.m */,
			);
			name = Application;
			sourceTree = "<group>";
		};
		A9AE4D171C8EB289009F86B2 /* Color */ = {
			isa = PBXGroup;
			children = (
				A9AE4D2B1C8EB7B6009F86B2 /* UIColor+HexString.h */,
				A9AE4D2C1C8EB7B6009F86B2 /* UIColor+HexString.m */,
				A9AE4D361C8EB8BC009F86B2 /* UIColor+StandardColors.h */,
				A9AE4D371C8EB8BC009F86B2 /* UIColor+StandardColors.m */,
				A9AE4D181C8EB296009F86B2 /* Colors */,
			);
			name = Color;
			sourceTree = "<group>";
		};
		A9AE4D181C8EB296009F86B2 /* Colors */ = {
			isa = PBXGroup;
			children = (
				A9AE4D1F1C8EB624009F86B2 /* UIColor+Pantone.h */,
				A9AE4D201C8EB624009F86B2 /* UIColor+Pantone.m */,
				A9AE4D191C8EB4E8009F86B2 /* UIColor+Html.h */,
				A9AE4D1A1C8EB4E8009F86B2 /* UIColor+Html.m */,
				A9AE4D141C8EB276009F86B2 /* UIColor+Copic.h */,
				A9AE4D151C8EB276009F86B2 /* UIColor+Copic.m */,
				A9AE4D251C8EB732009F86B2 /* UIColor+Crayon.h */,
				A9AE4D261C8EB732009F86B2 /* UIColor+Crayon.m */,
				A9AE4D281C8EB73B009F86B2 /* UIColor+Crayola.h */,
				A9AE4D291C8EB73B009F86B2 /* UIColor+Crayola.m */,
			);
			name = Colors;
			sourceTree = "<group>";
		};
		A9AE4D311C8EB889009F86B2 /* Array */ = {
			isa = PBXGroup;
			children = (
				A9AE4D2E1C8EB883009F86B2 /* NSArray+StringHelper.h */,
				A9AE4D2F1C8EB883009F86B2 /* NSArray+StringHelper.m */,
			);
			name = Array;
			sourceTree = "<group>";
		};
		A9AE4D351C8EB8A1009F86B2 /* String */ = {
			isa = PBXGroup;
			children = (
				A9AE4D321C8EB89B009F86B2 /* NSString+MethodList.h */,
				A9AE4D331C8EB89B009F86B2 /* NSString+MethodList.m */,
			);
			name = String;
			sourceTree = "<group>";
		};
		A9AE4D3C1C8EB95A009F86B2 /* Model */ = {
			isa = PBXGroup;
			children = (
				A9AE4D391C8EB954009F86B2 /* MMJColorPalettes.h */,
				A9AE4D3A1C8EB954009F86B2 /* MMJColorPalettes.m */,
				A9AE4D3D1C8EBAF9009F86B2 /* MMJColorItem.h */,
				A9AE4D3E1C8EBAF9009F86B2 /* MMJColorItem.m */,
				A90D165B1C944C4C003C4FFC /* HomeItem.h */,
				A90D165C1C944C4C003C4FFC /* HomeItem.m */,
				A90D167A1C9462E8003C4FFC /* TMRoute.h */,
				A90D167B1C9462E8003C4FFC /* TMRoute.m */,
			);
			name = Model;
			sourceTree = "<group>";
		};
		A9AE4D431C8EBF3B009F86B2 /* Image */ = {
			isa = PBXGroup;
			children = (
				A9AE4D401C8EBF36009F86B2 /* UIImage+Colored.h */,
				A9AE4D411C8EBF36009F86B2 /* UIImage+Colored.m */,
				A90D166C1C9459E9003C4FFC /* UIImage+Sizing.h */,
				A90D166D1C9459E9003C4FFC /* UIImage+Sizing.m */,
			);
			name = Image;
			sourceTree = "<group>";
		};
		A9AE4D731C8EC18F009F86B2 /* Vendor */ = {
			isa = PBXGroup;
			children = (
				A9AE4D991C8EC1F2009F86B2 /* Masonry */,
				A9AE4D741C8EC1A0009F86B2 /* MBProgressHUD */,
			);
			name = Vendor;
			sourceTree = "<group>";
		};
		A9AE4D741C8EC1A0009F86B2 /* MBProgressHUD */ = {
			isa = PBXGroup;
			children = (
				A9AE4D6C1C8EC185009F86B2 /* LICENSE */,
				A9AE4D6D1C8EC185009F86B2 /* MBProgressHUD.h */,
				A9AE4D6E1C8EC185009F86B2 /* MBProgressHUD.m */,
				A9AE4D6F1C8EC185009F86B2 /* README.mdown */,
			);
			name = MBProgressHUD;
			sourceTree = "<group>";
		};
		A9AE4D991C8EC1F2009F86B2 /* Masonry */ = {
			isa = PBXGroup;
			children = (
				A9AE4D791C8EC1E8009F86B2 /* MASCompositeConstraint.h */,
				A9AE4D7A1C8EC1E8009F86B2 /* MASCompositeConstraint.m */,
				A9AE4D7B1C8EC1E8009F86B2 /* MASConstraint.h */,
				A9AE4D7C1C8EC1E8009F86B2 /* MASConstraint.m */,
				A9AE4D7D1C8EC1E8009F86B2 /* MASConstraint+Private.h */,
				A9AE4D7E1C8EC1E8009F86B2 /* MASConstraintMaker.h */,
				A9AE4D7F1C8EC1E8009F86B2 /* MASConstraintMaker.m */,
				A9AE4D801C8EC1E8009F86B2 /* MASLayoutConstraint.h */,
				A9AE4D811C8EC1E8009F86B2 /* MASLayoutConstraint.m */,
				A9AE4D821C8EC1E8009F86B2 /* Masonry.h */,
				A9AE4D831C8EC1E8009F86B2 /* MASUtilities.h */,
				A9AE4D841C8EC1E8009F86B2 /* MASViewAttribute.h */,
				A9AE4D851C8EC1E8009F86B2 /* MASViewAttribute.m */,
				A9AE4D861C8EC1E8009F86B2 /* MASViewConstraint.h */,
				A9AE4D871C8EC1E8009F86B2 /* MASViewConstraint.m */,
				A9AE4D881C8EC1E8009F86B2 /* NSArray+MASAdditions.h */,
				A9AE4D891C8EC1E8009F86B2 /* NSArray+MASAdditions.m */,
				A9AE4D8A1C8EC1E8009F86B2 /* NSArray+MASShorthandAdditions.h */,
				A9AE4D8B1C8EC1E8009F86B2 /* NSLayoutConstraint+MASDebugAdditions.h */,
				A9AE4D8C1C8EC1E8009F86B2 /* NSLayoutConstraint+MASDebugAdditions.m */,
				A9AE4D8D1C8EC1E8009F86B2 /* View+MASAdditions.h */,
				A9AE4D8E1C8EC1E8009F86B2 /* View+MASAdditions.m */,
				A9AE4D8F1C8EC1E8009F86B2 /* View+MASShorthandAdditions.h */,
				A9AE4D751C8EC1C9009F86B2 /* LICENSE */,
				A9AE4D771C8EC1D5009F86B2 /* README.md */,
			);
			name = Masonry;
			sourceTree = "<group>";
		};
		A9AE4D9D1C8EC28A009F86B2 /* Views */ = {
			isa = PBXGroup;
			children = (
				A9AE4DA61C8EC41B009F86B2 /* MainViews */,
				A9AE4D9E1C8EC293009F86B2 /* Subviews */,
				A9AE4DA21C8EC313009F86B2 /* CellSubviews */,
			);
			name = Views;
			sourceTree = "<group>";
		};
		A9AE4D9E1C8EC293009F86B2 /* Subviews */ = {
			isa = PBXGroup;
			children = (
				A9AE4D9A1C8EC285009F86B2 /* BaseSubview.h */,
				A9AE4D9B1C8EC285009F86B2 /* BaseSubview.m */,
			);
			name = Subviews;
			sourceTree = "<group>";
		};
		A9AE4DA21C8EC313009F86B2 /* CellSubviews */ = {
			isa = PBXGroup;
			children = (
				A9AE4D9F1C8EC30E009F86B2 /* CellSubview.h */,
				A9AE4DA01C8EC30E009F86B2 /* CellSubview.m */,
				A90D16941C947767003C4FFC /* ColorItemCellSubview.h */,
				A90D16951C947767003C4FFC /* ColorItemCellSubview.m */,
			);
			name = CellSubviews;
			sourceTree = "<group>";
		};
		A9AE4DA61C8EC41B009F86B2 /* MainViews */ = {
			isa = PBXGroup;
			children = (
				A9AE4DA31C8EC416009F86B2 /* BaseView.h */,
				A9AE4DA41C8EC416009F86B2 /* BaseView.m */,
				A90D16631C94539F003C4FFC /* HomeView.h */,
				A90D16641C94539F003C4FFC /* HomeView.m */,
				A90D168B1C9476CA003C4FFC /* TMTableView.h */,
				A90D168C1C9476CA003C4FFC /* TMTableView.m */,
				A90D168E1C9476F0003C4FFC /* TMCollectionView.h */,
				A90D168F1C9476F0003C4FFC /* TMCollectionView.m */,
				A90D16911C947708003C4FFC /* TMPlainView.h */,
				A90D16921C947708003C4FFC /* TMPlainView.m */,
			);
			name = MainViews;
			sourceTree = "<group>";
		};
/* End PBXGroup section */

/* Begin PBXNativeTarget section */
		A978BB141C8E9A8300F06064 /* touchme */ = {
			isa = PBXNativeTarget;
			buildConfigurationList = A978BB421C8E9A8300F06064 /* Build configuration list for PBXNativeTarget "touchme" */;
			buildPhases = (
				A978BB111C8E9A8300F06064 /* Sources */,
				A978BB121C8E9A8300F06064 /* Frameworks */,
				A978BB131C8E9A8300F06064 /* Resources */,
			);
			buildRules = (
			);
			dependencies = (
			);
			name = touchme;
			productName = touchme;
			productReference = A978BB151C8E9A8300F06064 /* touchme.app */;
			productType = "com.apple.product-type.application";
		};
		A978BB2D1C8E9A8300F06064 /* touchmeTests */ = {
			isa = PBXNativeTarget;
			buildConfigurationList = A978BB451C8E9A8300F06064 /* Build configuration list for PBXNativeTarget "touchmeTests" */;
			buildPhases = (
				A978BB2A1C8E9A8300F06064 /* Sources */,
				A978BB2B1C8E9A8300F06064 /* Frameworks */,
				A978BB2C1C8E9A8300F06064 /* Resources */,
			);
			buildRules = (
			);
			dependencies = (
				A978BB301C8E9A8300F06064 /* PBXTargetDependency */,
			);
			name = touchmeTests;
			productName = touchmeTests;
			productReference = A978BB2E1C8E9A8300F06064 /* touchmeTests.xctest */;
			productType = "com.apple.product-type.bundle.unit-test";
		};
		A978BB381C8E9A8300F06064 /* touchmeUITests */ = {
			isa = PBXNativeTarget;
			buildConfigurationList = A978BB481C8E9A8300F06064 /* Build configuration list for PBXNativeTarget "touchmeUITests" */;
			buildPhases = (
				A978BB351C8E9A8300F06064 /* Sources */,
				A978BB361C8E9A8300F06064 /* Frameworks */,
				A978BB371C8E9A8300F06064 /* Resources */,
			);
			buildRules = (
			);
			dependencies = (
				A978BB3B1C8E9A8300F06064 /* PBXTargetDependency */,
			);
			name = touchmeUITests;
			productName = touchmeUITests;
			productReference = A978BB391C8E9A8300F06064 /* touchmeUITests.xctest */;
			productType = "com.apple.product-type.bundle.ui-testing";
		};
/* End PBXNativeTarget section */

/* Begin PBXProject section */
		A978BB0D1C8E9A8300F06064 /* Project object */ = {
			isa = PBXProject;
			attributes = {
				LastUpgradeCheck = 0720;
				ORGANIZATIONNAME = "Mihaela Mihaljevic Jakic";
				TargetAttributes = {
					A978BB141C8E9A8300F06064 = {
						CreatedOnToolsVersion = 7.2.1;
					};
					A978BB2D1C8E9A8300F06064 = {
						CreatedOnToolsVersion = 7.2.1;
						TestTargetID = A978BB141C8E9A8300F06064;
					};
					A978BB381C8E9A8300F06064 = {
						CreatedOnToolsVersion = 7.2.1;
						TestTargetID = A978BB141C8E9A8300F06064;
					};
				};
			};
			buildConfigurationList = A978BB101C8E9A8300F06064 /* Build configuration list for PBXProject "touchme" */;
			compatibilityVersion = "Xcode 3.2";
			developmentRegion = English;
			hasScannedForEncodings = 0;
			knownRegions = (
				en,
				Base,
				hr,
			);
			mainGroup = A978BB0C1C8E9A8300F06064;
			productRefGroup = A978BB161C8E9A8300F06064 /* Products */;
			projectDirPath = "";
			projectRoot = "";
			targets = (
				A978BB141C8E9A8300F06064 /* touchme */,
				A978BB2D1C8E9A8300F06064 /* touchmeTests */,
				A978BB381C8E9A8300F06064 /* touchmeUITests */,
			);
		};
/* End PBXProject section */

/* Begin PBXResourcesBuildPhase section */
		A978BB131C8E9A8300F06064 /* Resources */ = {
			isa = PBXResourcesBuildPhase;
			buildActionMask = 2147483647;
			files = (
				A978BB251C8E9A8300F06064 /* Assets.xcassets in Resources */,
				A978BB4E1C8E9D4C00F06064 /* Localizable.strings in Resources */,
				A9AE4D701C8EC185009F86B2 /* LICENSE in Resources */,
				A978BB531C8E9EBF00F06064 /* Default-568h@2x.png in Resources */,
				A9AE4D761C8EC1C9009F86B2 /* LICENSE in Resources */,
			);
			runOnlyForDeploymentPostprocessing = 0;
		};
		A978BB2C1C8E9A8300F06064 /* Resources */ = {
			isa = PBXResourcesBuildPhase;
			buildActionMask = 2147483647;
			files = (
			);
			runOnlyForDeploymentPostprocessing = 0;
		};
		A978BB371C8E9A8300F06064 /* Resources */ = {
			isa = PBXResourcesBuildPhase;
			buildActionMask = 2147483647;
			files = (
			);
			runOnlyForDeploymentPostprocessing = 0;
		};
/* End PBXResourcesBuildPhase section */

/* Begin PBXSourcesBuildPhase section */
		A978BB111C8E9A8300F06064 /* Sources */ = {
			isa = PBXSourcesBuildPhase;
			buildActionMask = 2147483647;
			files = (
				A9AE4D961C8EC1E9009F86B2 /* NSArray+MASAdditions.m in Sources */,
				A978BB1D1C8E9A8300F06064 /* AppDelegate.m in Sources */,
				A9AE4D301C8EB883009F86B2 /* NSArray+StringHelper.m in Sources */,
				A90D16751C945D30003C4FFC /* TMCollectionViewController.m in Sources */,
				A9AE4D971C8EC1E9009F86B2 /* NSLayoutConstraint+MASDebugAdditions.m in Sources */,
				A90D16901C9476F0003C4FFC /* TMCollectionView.m in Sources */,
				A9AE4D3B1C8EB954009F86B2 /* MMJColorPalettes.m in Sources */,
				A9AE4D781C8EC1D5009F86B2 /* README.md in Sources */,
				A9AE4D081C8EA172009F86B2 /* BaseViewController.m in Sources */,
				A90D166E1C9459E9003C4FFC /* UIImage+Sizing.m in Sources */,
				A9AE4D921C8EC1E9009F86B2 /* MASConstraintMaker.m in Sources */,
				A9AE4D981C8EC1E9009F86B2 /* View+MASAdditions.m in Sources */,
				A90D16691C9456B7003C4FFC /* ArrayDataSource.m in Sources */,
				A90D16651C94539F003C4FFC /* HomeView.m in Sources */,
				A90D165D1C944C4C003C4FFC /* HomeItem.m in Sources */,
				A9AE4D381C8EB8BC009F86B2 /* UIColor+StandardColors.m in Sources */,
				A90D168D1C9476CA003C4FFC /* TMTableView.m in Sources */,
				A9AE4D911C8EC1E9009F86B2 /* MASConstraint.m in Sources */,
				A9AE4DA51C8EC416009F86B2 /* BaseView.m in Sources */,
				A90D168A1C946DD6003C4FFC /* HomeItemsStore.m in Sources */,
				A9AE4D121C8EA5BC009F86B2 /* UIApplication+ThreeDSupport.m in Sources */,
				A90D16991C947833003C4FFC /* UIColor+TMStyle.m in Sources */,
				A9AE4D951C8EC1E9009F86B2 /* MASViewConstraint.m in Sources */,
				A9AE4DA11C8EC30E009F86B2 /* CellSubview.m in Sources */,
				A9AE4D0B1C8EA40D009F86B2 /* UIViewController+CheckFor3DTouch.m in Sources */,
				A9AE4D711C8EC185009F86B2 /* MBProgressHUD.m in Sources */,
				A978BB1A1C8E9A8300F06064 /* main.m in Sources */,
				A90D16961C947767003C4FFC /* ColorItemCellSubview.m in Sources */,
				A90D16721C945D10003C4FFC /* TMTableViewController.m in Sources */,
				A90D169D1C947AAA003C4FFC /* UIFont+TMStyle.m in Sources */,
				A9AE4D721C8EC185009F86B2 /* README.mdown in Sources */,
				A9AE4D421C8EBF36009F86B2 /* UIImage+Colored.m in Sources */,
				A9AE4D341C8EB89B009F86B2 /* NSString+MethodList.m in Sources */,
				A9AE4D9C1C8EC285009F86B2 /* BaseSubview.m in Sources */,
				A90D167C1C9462E8003C4FFC /* TMRoute.m in Sources */,
				A90D16A01C947C78003C4FFC /* UILabel+TMStyle.m in Sources */,
				A9AE4D3F1C8EBAF9009F86B2 /* MMJColorItem.m in Sources */,
				A90D16821C946ACA003C4FFC /* HomeViewControllerDelegate.m in Sources */,
				A9AE4D211C8EB624009F86B2 /* UIColor+Pantone.m in Sources */,
				A9AE4D931C8EC1E9009F86B2 /* MASLayoutConstraint.m in Sources */,
				A9AE4D2D1C8EB7B6009F86B2 /* UIColor+HexString.m in Sources */,
				A9AE4D901C8EC1E9009F86B2 /* MASCompositeConstraint.m in Sources */,
				A9AE4D161C8EB276009F86B2 /* UIColor+Copic.m in Sources */,
				A90D16621C944CF4003C4FFC /* NSString+HomeItemType.m in Sources */,
				A9AE4D2A1C8EB73B009F86B2 /* UIColor+Crayola.m in Sources */,
				A90D16781C945D49003C4FFC /* TMPlainViewController.m in Sources */,
				A9AE4D1B1C8EB4E8009F86B2 /* UIColor+Html.m in Sources */,
				A9AE4D031C8EA128009F86B2 /* HomeViewController.m in Sources */,
				A90D16931C947708003C4FFC /* TMPlainView.m in Sources */,
				A90D167F1C946378003C4FFC /* NSString+TMRouteType.m in Sources */,
				A90D16861C946D8B003C4FFC /* BaseStore.m in Sources */,
				A9AE4D271C8EB732009F86B2 /* UIColor+Crayon.m in Sources */,
				A9AE4D941C8EC1E9009F86B2 /* MASViewAttribute.m in Sources */,
			);
			runOnlyForDeploymentPostprocessing = 0;
		};
		A978BB2A1C8E9A8300F06064 /* Sources */ = {
			isa = PBXSourcesBuildPhase;
			buildActionMask = 2147483647;
			files = (
				A978BB331C8E9A8300F06064 /* touchmeTests.m in Sources */,
			);
			runOnlyForDeploymentPostprocessing = 0;
		};
		A978BB351C8E9A8300F06064 /* Sources */ = {
			isa = PBXSourcesBuildPhase;
			buildActionMask = 2147483647;
			files = (
				A978BB3E1C8E9A8300F06064 /* touchmeUITests.m in Sources */,
			);
			runOnlyForDeploymentPostprocessing = 0;
		};
/* End PBXSourcesBuildPhase section */

/* Begin PBXTargetDependency section */
		A978BB301C8E9A8300F06064 /* PBXTargetDependency */ = {
			isa = PBXTargetDependency;
			target = A978BB141C8E9A8300F06064 /* touchme */;
			targetProxy = A978BB2F1C8E9A8300F06064 /* PBXContainerItemProxy */;
		};
		A978BB3B1C8E9A8300F06064 /* PBXTargetDependency */ = {
			isa = PBXTargetDependency;
			target = A978BB141C8E9A8300F06064 /* touchme */;
			targetProxy = A978BB3A1C8E9A8300F06064 /* PBXContainerItemProxy */;
		};
/* End PBXTargetDependency section */

/* Begin PBXVariantGroup section */
		A978BB501C8E9D4C00F06064 /* Localizable.strings */ = {
			isa = PBXVariantGroup;
			children = (
				A978BB4F1C8E9D4C00F06064 /* en */,
				A978BB511C8E9DAB00F06064 /* hr */,
			);
			name = Localizable.strings;
			sourceTree = "<group>";
		};
/* End PBXVariantGroup section */

/* Begin XCBuildConfiguration section */
		A978BB401C8E9A8300F06064 /* Debug */ = {
			isa = XCBuildConfiguration;
			buildSettings = {
				ALWAYS_SEARCH_USER_PATHS = NO;
				CLANG_CXX_LANGUAGE_STANDARD = "gnu++0x";
				CLANG_CXX_LIBRARY = "libc++";
				CLANG_ENABLE_MODULES = YES;
				CLANG_ENABLE_OBJC_ARC = YES;
				CLANG_WARN_BOOL_CONVERSION = YES;
				CLANG_WARN_CONSTANT_CONVERSION = YES;
				CLANG_WARN_DIRECT_OBJC_ISA_USAGE = YES_ERROR;
				CLANG_WARN_EMPTY_BODY = YES;
				CLANG_WARN_ENUM_CONVERSION = YES;
				CLANG_WARN_INT_CONVERSION = YES;
				CLANG_WARN_OBJC_ROOT_CLASS = YES_ERROR;
				CLANG_WARN_UNREACHABLE_CODE = YES;
				CLANG_WARN__DUPLICATE_METHOD_MATCH = YES;
				"CODE_SIGN_IDENTITY[sdk=iphoneos*]" = "iPhone Developer";
				COPY_PHASE_STRIP = NO;
				DEBUG_INFORMATION_FORMAT = dwarf;
				ENABLE_STRICT_OBJC_MSGSEND = YES;
				ENABLE_TESTABILITY = YES;
				GCC_C_LANGUAGE_STANDARD = gnu99;
				GCC_DYNAMIC_NO_PIC = NO;
				GCC_NO_COMMON_BLOCKS = YES;
				GCC_OPTIMIZATION_LEVEL = 0;
				GCC_PREPROCESSOR_DEFINITIONS = (
					"DEBUG=1",
					"$(inherited)",
				);
				GCC_WARN_64_TO_32_BIT_CONVERSION = YES;
				GCC_WARN_ABOUT_RETURN_TYPE = YES_ERROR;
				GCC_WARN_UNDECLARED_SELECTOR = YES;
				GCC_WARN_UNINITIALIZED_AUTOS = YES_AGGRESSIVE;
				GCC_WARN_UNUSED_FUNCTION = YES;
				GCC_WARN_UNUSED_VARIABLE = YES;
				IPHONEOS_DEPLOYMENT_TARGET = 8.0;
				MTL_ENABLE_DEBUG_INFO = YES;
				ONLY_ACTIVE_ARCH = YES;
				SDKROOT = iphoneos;
				TARGETED_DEVICE_FAMILY = "1,2";
			};
			name = Debug;
		};
		A978BB411C8E9A8300F06064 /* Release */ = {
			isa = XCBuildConfiguration;
			buildSettings = {
				ALWAYS_SEARCH_USER_PATHS = NO;
				CLANG_CXX_LANGUAGE_STANDARD = "gnu++0x";
				CLANG_CXX_LIBRARY = "libc++";
				CLANG_ENABLE_MODULES = YES;
				CLANG_ENABLE_OBJC_ARC = YES;
				CLANG_WARN_BOOL_CONVERSION = YES;
				CLANG_WARN_CONSTANT_CONVERSION = YES;
				CLANG_WARN_DIRECT_OBJC_ISA_USAGE = YES_ERROR;
				CLANG_WARN_EMPTY_BODY = YES;
				CLANG_WARN_ENUM_CONVERSION = YES;
				CLANG_WARN_INT_CONVERSION = YES;
				CLANG_WARN_OBJC_ROOT_CLASS = YES_ERROR;
				CLANG_WARN_UNREACHABLE_CODE = YES;
				CLANG_WARN__DUPLICATE_METHOD_MATCH = YES;
				"CODE_SIGN_IDENTITY[sdk=iphoneos*]" = "iPhone Developer";
				COPY_PHASE_STRIP = NO;
				DEBUG_INFORMATION_FORMAT = "dwarf-with-dsym";
				ENABLE_NS_ASSERTIONS = NO;
				ENABLE_STRICT_OBJC_MSGSEND = YES;
				GCC_C_LANGUAGE_STANDARD = gnu99;
				GCC_NO_COMMON_BLOCKS = YES;
				GCC_WARN_64_TO_32_BIT_CONVERSION = YES;
				GCC_WARN_ABOUT_RETURN_TYPE = YES_ERROR;
				GCC_WARN_UNDECLARED_SELECTOR = YES;
				GCC_WARN_UNINITIALIZED_AUTOS = YES_AGGRESSIVE;
				GCC_WARN_UNUSED_FUNCTION = YES;
				GCC_WARN_UNUSED_VARIABLE = YES;
				IPHONEOS_DEPLOYMENT_TARGET = 8.0;
				MTL_ENABLE_DEBUG_INFO = NO;
				SDKROOT = iphoneos;
				TARGETED_DEVICE_FAMILY = "1,2";
				VALIDATE_PRODUCT = YES;
			};
			name = Release;
		};
		A978BB431C8E9A8300F06064 /* Debug */ = {
			isa = XCBuildConfiguration;
			buildSettings = {
				ASSETCATALOG_COMPILER_APPICON_NAME = AppIcon;
				GCC_PRECOMPILE_PREFIX_HEADER = YES;
				GCC_PREFIX_HEADER = "$(SRCROOT)/touchme/touchme.pch";
				INFOPLIST_FILE = touchme/Info.plist;
				LD_RUNPATH_SEARCH_PATHS = "$(inherited) @executable_path/Frameworks";
				PRODUCT_BUNDLE_IDENTIFIER = hr.token.touchme;
				PRODUCT_NAME = "$(TARGET_NAME)";
			};
			name = Debug;
		};
		A978BB441C8E9A8300F06064 /* Release */ = {
			isa = XCBuildConfiguration;
			buildSettings = {
				ASSETCATALOG_COMPILER_APPICON_NAME = AppIcon;
				GCC_PRECOMPILE_PREFIX_HEADER = YES;
				GCC_PREFIX_HEADER = "$(SRCROOT)/touchme/touchme.pch";
				INFOPLIST_FILE = touchme/Info.plist;
				LD_RUNPATH_SEARCH_PATHS = "$(inherited) @executable_path/Frameworks";
				PRODUCT_BUNDLE_IDENTIFIER = hr.token.touchme;
				PRODUCT_NAME = "$(TARGET_NAME)";
			};
			name = Release;
		};
		A978BB461C8E9A8300F06064 /* Debug */ = {
			isa = XCBuildConfiguration;
			buildSettings = {
				BUNDLE_LOADER = "$(TEST_HOST)";
				INFOPLIST_FILE = touchmeTests/Info.plist;
				LD_RUNPATH_SEARCH_PATHS = "$(inherited) @executable_path/Frameworks @loader_path/Frameworks";
				PRODUCT_BUNDLE_IDENTIFIER = hr.token.touchmeTests;
				PRODUCT_NAME = "$(TARGET_NAME)";
				TEST_HOST = "$(BUILT_PRODUCTS_DIR)/touchme.app/touchme";
			};
			name = Debug;
		};
		A978BB471C8E9A8300F06064 /* Release */ = {
			isa = XCBuildConfiguration;
			buildSettings = {
				BUNDLE_LOADER = "$(TEST_HOST)";
				INFOPLIST_FILE = touchmeTests/Info.plist;
				LD_RUNPATH_SEARCH_PATHS = "$(inherited) @executable_path/Frameworks @loader_path/Frameworks";
				PRODUCT_BUNDLE_IDENTIFIER = hr.token.touchmeTests;
				PRODUCT_NAME = "$(TARGET_NAME)";
				TEST_HOST = "$(BUILT_PRODUCTS_DIR)/touchme.app/touchme";
			};
			name = Release;
		};
		A978BB491C8E9A8300F06064 /* Debug */ = {
			isa = XCBuildConfiguration;
			buildSettings = {
				INFOPLIST_FILE = touchmeUITests/Info.plist;
				LD_RUNPATH_SEARCH_PATHS = "$(inherited) @executable_path/Frameworks @loader_path/Frameworks";
				PRODUCT_BUNDLE_IDENTIFIER = hr.token.touchmeUITests;
				PRODUCT_NAME = "$(TARGET_NAME)";
				TEST_TARGET_NAME = touchme;
				USES_XCTRUNNER = YES;
			};
			name = Debug;
		};
		A978BB4A1C8E9A8300F06064 /* Release */ = {
			isa = XCBuildConfiguration;
			buildSettings = {
				INFOPLIST_FILE = touchmeUITests/Info.plist;
				LD_RUNPATH_SEARCH_PATHS = "$(inherited) @executable_path/Frameworks @loader_path/Frameworks";
				PRODUCT_BUNDLE_IDENTIFIER = hr.token.touchmeUITests;
				PRODUCT_NAME = "$(TARGET_NAME)";
				TEST_TARGET_NAME = touchme;
				USES_XCTRUNNER = YES;
			};
			name = Release;
		};
/* End XCBuildConfiguration section */

/* Begin XCConfigurationList section */
		A978BB101C8E9A8300F06064 /* Build configuration list for PBXProject "touchme" */ = {
			isa = XCConfigurationList;
			buildConfigurations = (
				A978BB401C8E9A8300F06064 /* Debug */,
				A978BB411C8E9A8300F06064 /* Release */,
			);
			defaultConfigurationIsVisible = 0;
			defaultConfigurationName = Release;
		};
		A978BB421C8E9A8300F06064 /* Build configuration list for PBXNativeTarget "touchme" */ = {
			isa = XCConfigurationList;
			buildConfigurations = (
				A978BB431C8E9A8300F06064 /* Debug */,
				A978BB441C8E9A8300F06064 /* Release */,
			);
			defaultConfigurationIsVisible = 0;
			defaultConfigurationName = Release;
		};
		A978BB451C8E9A8300F06064 /* Build configuration list for PBXNativeTarget "touchmeTests" */ = {
			isa = XCConfigurationList;
			buildConfigurations = (
				A978BB461C8E9A8300F06064 /* Debug */,
				A978BB471C8E9A8300F06064 /* Release */,
			);
			defaultConfigurationIsVisible = 0;
			defaultConfigurationName = Release;
		};
		A978BB481C8E9A8300F06064 /* Build configuration list for PBXNativeTarget "touchmeUITests" */ = {
			isa = XCConfigurationList;
			buildConfigurations = (
				A978BB491C8E9A8300F06064 /* Debug */,
				A978BB4A1C8E9A8300F06064 /* Release */,
			);
			defaultConfigurationIsVisible = 0;
			defaultConfigurationName = Release;
		};
/* End XCConfigurationList section */
	};
	rootObject = A978BB0D1C8E9A8300F06064 /* Project object */;
}
